# This file is automatically @generated by Cargo.
# It is not intended for manual editing.
version = 3

[[package]]
name = "a"
version = "0.1.0"
dependencies = [
 "d",
]

[[package]]
name = "b"
version = "0.1.0"
dependencies = [
 "c",
]

[[package]]
name = "c"
version = "0.1.0"

[[package]]
name = "d"
version = "0.1.0"
dependencies = [
 "e",
 "f",
]

[[package]]
name = "e"
version = "0.1.0"
dependencies = [
 "c",
]

[[package]]
name = "f"
version = "0.1.0"
